
PODS:
- AFNetworking (0.7.0):
  - JSONKit
- FormatterKit (1.0.0):
  - FormatterKit/ArrayFormatter (= 1.0.0)
  - FormatterKit/LocationFormatter (= 1.0.0)
  - FormatterKit/OrdinalNumberFormatter (= 1.0.0)
  - FormatterKit/TimeIntervalFormatter (= 1.0.0)
  - FormatterKit/URLRequestFormatter (= 1.0.0)
  - FormatterKit/UnitOfInformationFormatter (= 1.0.0)
- FormatterKit/ArrayFormatter (1.0.0)
- FormatterKit/LocationFormatter (1.0.0)
- FormatterKit/OrdinalNumberFormatter (1.0.0)
- FormatterKit/TimeIntervalFormatter (1.0.0)
- FormatterKit/URLRequestFormatter (1.0.0)
- FormatterKit/UnitOfInformationFormatter (1.0.0)
- JSONKit (1.5pre)

DEPENDENCIES:
- AFNetworking (~> 0.7.0)
- FormatterKit

SPEC CHECKSUMS:
  AFNetworking: 1dd63e737768662b7180659e91846408df4ae7df
  FormatterKit: 12dea999a2df19e389f7b821962fc4088de8b821
  FormatterKit/ArrayFormatter: 12dea999a2df19e389f7b821962fc4088de8b821
  FormatterKit/LocationFormatter: 12dea999a2df19e389f7b821962fc4088de8b821
  FormatterKit/OrdinalNumberFormatter: 12dea999a2df19e389f7b821962fc4088de8b821
  FormatterKit/TimeIntervalFormatter: 12dea999a2df19e389f7b821962fc4088de8b821
  FormatterKit/URLRequestFormatter: 12dea999a2df19e389f7b821962fc4088de8b821
  FormatterKit/UnitOfInformationFormatter: 12dea999a2df19e389f7b821962fc4088de8b821
  JSONKit: 3d4708953ea7ae399a49777372d8b060a43ddd27

COCOAPODS: 0.13.0
