// !$*UTF8*$!
{
	archiveVersion = 1;
	classes = {
	};
	objectVersion = 46;
	objects = {

/* Begin PBXBuildFile section */
		A346497214F9BE9A0080D870 /* UIKit.framework in Frameworks */ = {isa = PBXBuildFile; fileRef = A346497114F9BE9A0080D870 /* UIKit.framework */; };
		A346497414F9BE9A0080D870 /* Foundation.framework in Frameworks */ = {isa = PBXBuildFile; fileRef = A346497314F9BE9A0080D870 /* Foundation.framework */; };
		A346497614F9BE9A0080D870 /* CoreGraphics.framework in Frameworks */ = {isa = PBXBuildFile; fileRef = A346497514F9BE9A0080D870 /* CoreGraphics.framework */; };
		A346497C14F9BE9A0080D870 /* InfoPlist.strings in Resources */ = {isa = PBXBuildFile; fileRef = A346497A14F9BE9A0080D870 /* InfoPlist.strings */; };
		A346497E14F9BE9A0080D870 /* main.m in Sources */ = {isa = PBXBuildFile; fileRef = A346497D14F9BE9A0080D870 /* main.m */; };
		A346498214F9BE9A0080D870 /* AppDelegate.m in Sources */ = {isa = PBXBuildFile; fileRef = A346498114F9BE9A0080D870 /* AppDelegate.m */; };
/* End PBXBuildFile section */

/* Begin PBXFileReference section */
		A346496D14F9BE9A0080D870 /* SampleProject.app */ = {isa = PBXFileReference; explicitFileType = wrapper.application; includeInIndex = 0; path = SampleProject.app; sourceTree = BUILT_PRODUCTS_DIR; };
		A346497114F9BE9A0080D870 /* UIKit.framework */ = {isa = PBXFileReference; lastKnownFileType = wrapper.framework; name = UIKit.framework; path = System/Library/Frameworks/UIKit.framework; sourceTree = SDKROOT; };
		A346497314F9BE9A0080D870 /* Foundation.framework */ = {isa = PBXFileReference; lastKnownFileType = wrapper.framework; name = Foundation.framework; path = System/Library/Frameworks/Foundation.framework; sourceTree = SDKROOT; };
		A346497514F9BE9A0080D870 /* CoreGraphics.framework */ = {isa = PBXFileReference; lastKnownFileType = wrapper.framework; name = CoreGraphics.framework; path = System/Library/Frameworks/CoreGraphics.framework; sourceTree = SDKROOT; };
		A346497914F9BE9A0080D870 /* SampleProject-Info.plist */ = {isa = PBXFileReference; lastKnownFileType = text.plist.xml; path = "SampleProject-Info.plist"; sourceTree = "<group>"; };
		A346497B14F9BE9A0080D870 /* en */ = {isa = PBXFileReference; lastKnownFileType = text.plist.strings; name = en; path = en.lproj/InfoPlist.strings; sourceTree = "<group>"; };
		A346497D14F9BE9A0080D870 /* main.m */ = {isa = PBXFileReference; lastKnownFileType = sourcecode.c.objc; path = main.m; sourceTree = "<group>"; };
		A346497F14F9BE9A0080D870 /* SampleProject-Prefix.pch */ = {isa = PBXFileReference; lastKnownFileType = sourcecode.c.h; path = "SampleProject-Prefix.pch"; sourceTree = "<group>"; };
		A346498014F9BE9A0080D870 /* AppDelegate.h */ = {isa = PBXFileReference; lastKnownFileType = sourcecode.c.h; path = AppDelegate.h; sourceTree = "<group>"; };
		A346498114F9BE9A0080D870 /* AppDelegate.m */ = {isa = PBXFileReference; lastKnownFileType = sourcecode.c.objc; path = AppDelegate.m; sourceTree = "<group>"; };
/* End PBXFileReference section */

/* Begin PBXFrameworksBuildPhase section */
		A346496A14F9BE9A0080D870 /* Frameworks */ = {
			isa = PBXFrameworksBuildPhase;
			buildActionMask = 2147483647;
			files = (
				A346497214F9BE9A0080D870 /* UIKit.framework in Frameworks */,
				A346497414F9BE9A0080D870 /* Foundation.framework in Frameworks */,
				A346497614F9BE9A0080D870 /* CoreGraphics.framework in Frameworks */,
			);
			runOnlyForDeploymentPostprocessing = 0;
		};
/* End PBXFrameworksBuildPhase section */

/* Begin PBXGroup section */
		A346496214F9BE990080D870 = {
			isa = PBXGroup;
			children = (
				A346497714F9BE9A0080D870 /* SampleProject */,
				A346497014F9BE9A0080D870 /* Frameworks */,
				A346496E14F9BE9A0080D870 /* Products */,
			);
			sourceTree = "<group>";
		};
		A346496E14F9BE9A0080D870 /* Products */ = {
			isa = PBXGroup;
			children = (
				A346496D14F9BE9A0080D870 /* SampleProject.app */,
			);
			name = Products;
			sourceTree = "<group>";
		};
		A346497014F9BE9A0080D870 /* Frameworks */ = {
			isa = PBXGroup;
			children = (
				A346497114F9BE9A0080D870 /* UIKit.framework */,
				A346497314F9BE9A0080D870 /* Foundation.framework */,
				A346497514F9BE9A0080D870 /* CoreGraphics.framework */,
			);
			name = Frameworks;
			sourceTree = "<group>";
		};
		A346497714F9BE9A0080D870 /* SampleProject */ = {
			isa = PBXGroup;
			children = (
				A346498014F9BE9A0080D870 /* AppDelegate.h */,
				A346498114F9BE9A0080D870 /* AppDelegate.m */,
				A346497814F9BE9A0080D870 /* Supporting Files */,
			);
			path = SampleProject;
			sourceTree = "<group>";
		};
		A346497814F9BE9A0080D870 /* Supporting Files */ = {
			isa = PBXGroup;
			children = (
				A346497914F9BE9A0080D870 /* SampleProject-Info.plist */,
				A346497A14F9BE9A0080D870 /* InfoPlist.strings */,
				A346497D14F9BE9A0080D870 /* main.m */,
				A346497F14F9BE9A0080D870 /* SampleProject-Prefix.pch */,
			);
			name = "Supporting Files";
			sourceTree = "<group>";
		};
/* End PBXGroup section */

/* Begin PBXNativeTarget section */
		A346496C14F9BE9A0080D870 /* SampleProject */ = {
			isa = PBXNativeTarget;
			buildConfigurationList = A346498514F9BE9A0080D870 /* Build configuration list for PBXNativeTarget "SampleProject" */;
			buildPhases = (
				A346496914F9BE9A0080D870 /* Sources */,
				A346496A14F9BE9A0080D870 /* Frameworks */,
				A346496B14F9BE9A0080D870 /* Resources */,
			);
			buildRules = (
			);
			dependencies = (
			);
			name = SampleProject;
			productName = SampleProject;
			productReference = A346496D14F9BE9A0080D870 /* SampleProject.app */;
			productType = "com.apple.product-type.application";
		};
/* End PBXNativeTarget section */

/* Begin PBXProject section */
		A346496414F9BE990080D870 /* Project object */ = {
			isa = PBXProject;
			attributes = {
				LastUpgradeCheck = 0430;
				ORGANIZATIONNAME = "LJR Software Limited";
			};
			buildConfigurationList = A346496714F9BE990080D870 /* Build configuration list for PBXProject "SampleProject" */;
			compatibilityVersion = "Xcode 3.2";
			developmentRegion = English;
			hasScannedForEncodings = 0;
			knownRegions = (
				en,
			);
			mainGroup = A346496214F9BE990080D870;
			productRefGroup = A346496E14F9BE9A0080D870 /* Products */;
			projectDirPath = "";
			projectRoot = "";
			targets = (
				A346496C14F9BE9A0080D870 /* SampleProject */,
			);
		};
/* End PBXProject section */

/* Begin PBXResourcesBuildPhase section */
		A346496B14F9BE9A0080D870 /* Resources */ = {
			isa = PBXResourcesBuildPhase;
			buildActionMask = 2147483647;
			files = (
				A346497C14F9BE9A0080D870 /* InfoPlist.strings in Resources */,
			);
			runOnlyForDeploymentPostprocessing = 0;
		};
/* End PBXResourcesBuildPhase section */

/* Begin PBXSourcesBuildPhase section */
		A346496914F9BE9A0080D870 /* Sources */ = {
			isa = PBXSourcesBuildPhase;
			buildActionMask = 2147483647;
			files = (
				A346497E14F9BE9A0080D870 /* main.m in Sources */,
				A346498214F9BE9A0080D870 /* AppDelegate.m in Sources */,
			);
			runOnlyForDeploymentPostprocessing = 0;
		};
/* End PBXSourcesBuildPhase section */

/* Begin PBXVariantGroup section */
		A346497A14F9BE9A0080D870 /* InfoPlist.strings */ = {
			isa = PBXVariantGroup;
			children = (
				A346497B14F9BE9A0080D870 /* en */,
			);
			name = InfoPlist.strings;
			sourceTree = "<group>";
		};
/* End PBXVariantGroup section */

/* Begin XCBuildConfiguration section */
		A346498314F9BE9A0080D870 /* Debug */ = {
			isa = XCBuildConfiguration;
			buildSettings = {
				ALWAYS_SEARCH_USER_PATHS = NO;
				ARCHS = "$(ARCHS_STANDARD_32_BIT)";
				CLANG_ENABLE_OBJC_ARC = YES;
				"CODE_SIGN_IDENTITY[sdk=iphoneos*]" = "iPhone Developer";
				COPY_PHASE_STRIP = NO;
				GCC_C_LANGUAGE_STANDARD = gnu99;
				GCC_DYNAMIC_NO_PIC = NO;
				GCC_OPTIMIZATION_LEVEL = 0;
				GCC_PREPROCESSOR_DEFINITIONS = (
					"DEBUG=1",
					"$(inherited)",
				);
				GCC_SYMBOLS_PRIVATE_EXTERN = NO;
				GCC_VERSION = com.apple.compilers.llvm.clang.1_0;
				GCC_WARN_ABOUT_RETURN_TYPE = YES;
				GCC_WARN_UNINITIALIZED_AUTOS = YES;
				GCC_WARN_UNUSED_VARIABLE = YES;
				IPHONEOS_DEPLOYMENT_TARGET = 5.0;
				SDKROOT = iphoneos;
			};
			name = Debug;
		};
		A346498414F9BE9A0080D870 /* Release */ = {
			isa = XCBuildConfiguration;
			buildSettings = {
				ALWAYS_SEARCH_USER_PATHS = NO;
				ARCHS = "$(ARCHS_STANDARD_32_BIT)";
				CLANG_ENABLE_OBJC_ARC = YES;
				"CODE_SIGN_IDENTITY[sdk=iphoneos*]" = "iPhone Developer";
				COPY_PHASE_STRIP = YES;
				GCC_C_LANGUAGE_STANDARD = gnu99;
				GCC_VERSION = com.apple.compilers.llvm.clang.1_0;
				GCC_WARN_ABOUT_RETURN_TYPE = YES;
				GCC_WARN_UNINITIALIZED_AUTOS = YES;
				GCC_WARN_UNUSED_VARIABLE = YES;
				IPHONEOS_DEPLOYMENT_TARGET = 5.0;
				OTHER_CFLAGS = "-DNS_BLOCK_ASSERTIONS=1";
				SDKROOT = iphoneos;
				VALIDATE_PRODUCT = YES;
			};
			name = Release;
		};
		A346498614F9BE9A0080D870 /* Debug */ = {
			isa = XCBuildConfiguration;
			buildSettings = {
				GCC_PRECOMPILE_PREFIX_HEADER = YES;
				GCC_PREFIX_HEADER = "SampleProject/SampleProject-Prefix.pch";
				INFOPLIST_FILE = "SampleProject/SampleProject-Info.plist";
				PRODUCT_NAME = "$(TARGET_NAME)";
				WRAPPER_EXTENSION = app;
			};
			name = Debug;
		};
		A346498714F9BE9A0080D870 /* Release */ = {
			isa = XCBuildConfiguration;
			buildSettings = {
				GCC_PRECOMPILE_PREFIX_HEADER = YES;
				GCC_PREFIX_HEADER = "SampleProject/SampleProject-Prefix.pch";
				INFOPLIST_FILE = "SampleProject/SampleProject-Info.plist";
				PRODUCT_NAME = "$(TARGET_NAME)";
				WRAPPER_EXTENSION = app;
			};
			name = Release;
		};
/* End XCBuildConfiguration section */

/* Begin XCConfigurationList section */
		A346496714F9BE990080D870 /* Build configuration list for PBXProject "SampleProject" */ = {
			isa = XCConfigurationList;
			buildConfigurations = (
				A346498314F9BE9A0080D870 /* Debug */,
				A346498414F9BE9A0080D870 /* Release */,
			);
			defaultConfigurationIsVisible = 0;
			defaultConfigurationName = Release;
		};
		A346498514F9BE9A0080D870 /* Build configuration list for PBXNativeTarget "SampleProject" */ = {
			isa = XCConfigurationList;
			buildConfigurations = (
				A346498614F9BE9A0080D870 /* Debug */,
				A346498714F9BE9A0080D870 /* Release */,
			);
			defaultConfigurationIsVisible = 0;
		};
/* End XCConfigurationList section */
	};
	rootObject = A346496414F9BE990080D870 /* Project object */;
}
