PODS:
  - TestLib (0.1.0)
  - TestLib/UnitTests1 (0.1.0)
  - TestLib/UnitTests2 (0.1.0)

DEPENDENCIES:
  - TestLib (from `TestLib`)
  - TestLib/UnitTests1 (from `TestLib`)
  - TestLib/UnitTests2 (from `TestLib`)

EXTERNAL SOURCES:
  TestLib:
    :path: TestLib

SPEC CHECKSUMS:
  TestLib: 2f82f39d4754f10856a4091a80aa9ab2969b34b7
