// !$*UTF8*$!
{
	archiveVersion = 1;
	classes = {
	};
	objectVersion = 46;
	objects = {

/* Begin PBXBuildFile section */
		B50504EA1509774600AFAE65 /* UIKit.framework in Frameworks */ = {isa = PBXBuildFile; fileRef = B50504E91509774600AFAE65 /* UIKit.framework */; };
		B50504EC1509774600AFAE65 /* Foundation.framework in Frameworks */ = {isa = PBXBuildFile; fileRef = B50504EB1509774600AFAE65 /* Foundation.framework */; };
		B50504EE1509774600AFAE65 /* CoreGraphics.framework in Frameworks */ = {isa = PBXBuildFile; fileRef = B50504ED1509774600AFAE65 /* CoreGraphics.framework */; };
		B50504F41509774600AFAE65 /* InfoPlist.strings in Resources */ = {isa = PBXBuildFile; fileRef = B50504F21509774600AFAE65 /* InfoPlist.strings */; };
		B50504F61509774600AFAE65 /* main.m in Sources */ = {isa = PBXBuildFile; fileRef = B50504F51509774600AFAE65 /* main.m */; };
		B50504FA1509774600AFAE65 /* CCPAppDelegate.m in Sources */ = {isa = PBXBuildFile; fileRef = B50504F91509774600AFAE65 /* CCPAppDelegate.m */; };
		B50504FD1509774600AFAE65 /* CCPViewController.m in Sources */ = {isa = PBXBuildFile; fileRef = B50504FC1509774600AFAE65 /* CCPViewController.m */; };
		B50505001509774600AFAE65 /* CCPViewController_iPhone.xib in Resources */ = {isa = PBXBuildFile; fileRef = B50504FE1509774600AFAE65 /* CCPViewController_iPhone.xib */; };
		B50505031509774600AFAE65 /* CCPViewController_iPad.xib in Resources */ = {isa = PBXBuildFile; fileRef = B50505011509774600AFAE65 /* CCPViewController_iPad.xib */; };
/* End PBXBuildFile section */

/* Begin PBXFileReference section */
		0655448A743D44CE9C8560F4 /* libPods.a */ = {isa = PBXFileReference; explicitFileType = archive.ar; includeInIndex = 0; path = libPods.a; sourceTree = BUILT_PRODUCTS_DIR; };
		1BDBB6EEA4904D18883D5049 /* libPods.a */ = {isa = PBXFileReference; explicitFileType = archive.ar; includeInIndex = 0; path = libPods.a; sourceTree = BUILT_PRODUCTS_DIR; };
		4B73544C9B594609B70257C2 /* libPods.a */ = {isa = PBXFileReference; explicitFileType = archive.ar; includeInIndex = 0; path = libPods.a; sourceTree = BUILT_PRODUCTS_DIR; };
		60435663B02542A193962E58 /* libPods.a */ = {isa = PBXFileReference; explicitFileType = archive.ar; includeInIndex = 0; path = libPods.a; sourceTree = BUILT_PRODUCTS_DIR; };
		7BE04F9FCDE24A588AF38CCA /* libPods.a */ = {isa = PBXFileReference; explicitFileType = archive.ar; includeInIndex = 0; path = libPods.a; sourceTree = BUILT_PRODUCTS_DIR; };
		968826D4F729428780EB11C7 /* libPods.a */ = {isa = PBXFileReference; explicitFileType = archive.ar; includeInIndex = 0; path = libPods.a; sourceTree = BUILT_PRODUCTS_DIR; };
		A317BF0E1976499FAF0A148C /* libPods.a */ = {isa = PBXFileReference; explicitFileType = archive.ar; includeInIndex = 0; path = libPods.a; sourceTree = BUILT_PRODUCTS_DIR; };
		B50504E51509774600AFAE65 /* RelativePathProject.app */ = {isa = PBXFileReference; explicitFileType = wrapper.application; includeInIndex = 0; path = RelativePathProject.app; sourceTree = BUILT_PRODUCTS_DIR; };
		B50504E91509774600AFAE65 /* UIKit.framework */ = {isa = PBXFileReference; includeInIndex = 1; lastKnownFileType = wrapper.framework; name = UIKit.framework; path = System/Library/Frameworks/UIKit.framework; sourceTree = SDKROOT; };
		B50504EB1509774600AFAE65 /* Foundation.framework */ = {isa = PBXFileReference; includeInIndex = 1; lastKnownFileType = wrapper.framework; name = Foundation.framework; path = System/Library/Frameworks/Foundation.framework; sourceTree = SDKROOT; };
		B50504ED1509774600AFAE65 /* CoreGraphics.framework */ = {isa = PBXFileReference; includeInIndex = 1; lastKnownFileType = wrapper.framework; name = CoreGraphics.framework; path = System/Library/Frameworks/CoreGraphics.framework; sourceTree = SDKROOT; };
		B50504F11509774600AFAE65 /* RelativePathProject-Info.plist */ = {isa = PBXFileReference; lastKnownFileType = text.plist.xml; path = "RelativePathProject-Info.plist"; sourceTree = "<group>"; };
		B50504F31509774600AFAE65 /* en */ = {isa = PBXFileReference; lastKnownFileType = text.plist.strings; name = en; path = en.lproj/InfoPlist.strings; sourceTree = "<group>"; };
		B50504F51509774600AFAE65 /* main.m */ = {isa = PBXFileReference; lastKnownFileType = sourcecode.c.objc; path = main.m; sourceTree = "<group>"; };
		B50504F71509774600AFAE65 /* RelativePathProject-Prefix.pch */ = {isa = PBXFileReference; lastKnownFileType = sourcecode.c.h; path = "RelativePathProject-Prefix.pch"; sourceTree = "<group>"; };
		B50504F81509774600AFAE65 /* CCPAppDelegate.h */ = {isa = PBXFileReference; lastKnownFileType = sourcecode.c.h; path = CCPAppDelegate.h; sourceTree = "<group>"; };
		B50504F91509774600AFAE65 /* CCPAppDelegate.m */ = {isa = PBXFileReference; lastKnownFileType = sourcecode.c.objc; path = CCPAppDelegate.m; sourceTree = "<group>"; };
		B50504FB1509774600AFAE65 /* CCPViewController.h */ = {isa = PBXFileReference; lastKnownFileType = sourcecode.c.h; path = CCPViewController.h; sourceTree = "<group>"; };
		B50504FC1509774600AFAE65 /* CCPViewController.m */ = {isa = PBXFileReference; lastKnownFileType = sourcecode.c.objc; path = CCPViewController.m; sourceTree = "<group>"; };
		B50504FF1509774600AFAE65 /* en */ = {isa = PBXFileReference; lastKnownFileType = file.xib; name = en; path = en.lproj/CCPViewController_iPhone.xib; sourceTree = "<group>"; };
		B50505021509774600AFAE65 /* en */ = {isa = PBXFileReference; lastKnownFileType = file.xib; name = en; path = en.lproj/CCPViewController_iPad.xib; sourceTree = "<group>"; };
		B883D8352B9842028C5C0F5D /* libPods.a */ = {isa = PBXFileReference; explicitFileType = archive.ar; includeInIndex = 0; path = libPods.a; sourceTree = BUILT_PRODUCTS_DIR; };
		BDDCC8E0B6B44EC5A067C887 /* libPods.a */ = {isa = PBXFileReference; explicitFileType = archive.ar; includeInIndex = 0; path = libPods.a; sourceTree = BUILT_PRODUCTS_DIR; };
		DD3C7BABD6FA4FFB859BA028 /* libPods.a */ = {isa = PBXFileReference; explicitFileType = archive.ar; includeInIndex = 0; path = libPods.a; sourceTree = BUILT_PRODUCTS_DIR; };
		E3F6CFE58972416FB95F9145 /* libPods.a */ = {isa = PBXFileReference; explicitFileType = archive.ar; includeInIndex = 0; path = libPods.a; sourceTree = BUILT_PRODUCTS_DIR; };
/* End PBXFileReference section */

/* Begin PBXFrameworksBuildPhase section */
		B50504E21509774600AFAE65 /* Frameworks */ = {
			isa = PBXFrameworksBuildPhase;
			buildActionMask = 2147483647;
			files = (
				B50504EA1509774600AFAE65 /* UIKit.framework in Frameworks */,
				B50504EC1509774600AFAE65 /* Foundation.framework in Frameworks */,
				B50504EE1509774600AFAE65 /* CoreGraphics.framework in Frameworks */,
			);
			runOnlyForDeploymentPostprocessing = 0;
		};
/* End PBXFrameworksBuildPhase section */

/* Begin PBXGroup section */
		B50504DA1509774600AFAE65 = {
			isa = PBXGroup;
			children = (
				B50504EF1509774600AFAE65 /* RelativePathProject */,
				B50504E81509774600AFAE65 /* Frameworks */,
				B50504E61509774600AFAE65 /* Products */,
			);
			sourceTree = "<group>";
		};
		B50504E61509774600AFAE65 /* Products */ = {
			isa = PBXGroup;
			children = (
				B50504E51509774600AFAE65 /* RelativePathProject.app */,
			);
			name = Products;
			sourceTree = "<group>";
		};
		B50504E81509774600AFAE65 /* Frameworks */ = {
			isa = PBXGroup;
			children = (
				B50504E91509774600AFAE65 /* UIKit.framework */,
				B50504EB1509774600AFAE65 /* Foundation.framework */,
				B50504ED1509774600AFAE65 /* CoreGraphics.framework */,
				7BE04F9FCDE24A588AF38CCA /* libPods.a */,
				BDDCC8E0B6B44EC5A067C887 /* libPods.a */,
				B883D8352B9842028C5C0F5D /* libPods.a */,
				60435663B02542A193962E58 /* libPods.a */,
				1BDBB6EEA4904D18883D5049 /* libPods.a */,
				A317BF0E1976499FAF0A148C /* libPods.a */,
				4B73544C9B594609B70257C2 /* libPods.a */,
				0655448A743D44CE9C8560F4 /* libPods.a */,
				968826D4F729428780EB11C7 /* libPods.a */,
				E3F6CFE58972416FB95F9145 /* libPods.a */,
				DD3C7BABD6FA4FFB859BA028 /* libPods.a */,
			);
			name = Frameworks;
			sourceTree = "<group>";
		};
		B50504EF1509774600AFAE65 /* RelativePathProject */ = {
			isa = PBXGroup;
			children = (
				B50504F81509774600AFAE65 /* CCPAppDelegate.h */,
				B50504F91509774600AFAE65 /* CCPAppDelegate.m */,
				B50504FB1509774600AFAE65 /* CCPViewController.h */,
				B50504FC1509774600AFAE65 /* CCPViewController.m */,
				B50504FE1509774600AFAE65 /* CCPViewController_iPhone.xib */,
				B50505011509774600AFAE65 /* CCPViewController_iPad.xib */,
				B50504F01509774600AFAE65 /* Supporting Files */,
			);
			path = RelativePathProject;
			sourceTree = "<group>";
		};
		B50504F01509774600AFAE65 /* Supporting Files */ = {
			isa = PBXGroup;
			children = (
				B50504F11509774600AFAE65 /* RelativePathProject-Info.plist */,
				B50504F21509774600AFAE65 /* InfoPlist.strings */,
				B50504F51509774600AFAE65 /* main.m */,
				B50504F71509774600AFAE65 /* RelativePathProject-Prefix.pch */,
			);
			name = "Supporting Files";
			sourceTree = "<group>";
		};
/* End PBXGroup section */

/* Begin PBXNativeTarget section */
		B50504E41509774600AFAE65 /* RelativePathProject */ = {
			isa = PBXNativeTarget;
			buildConfigurationList = B50505061509774600AFAE65 /* Build configuration list for PBXNativeTarget "RelativePathProject" */;
			buildPhases = (
				B50504E11509774600AFAE65 /* Sources */,
				B50504E21509774600AFAE65 /* Frameworks */,
				B50504E31509774600AFAE65 /* Resources */,
			);
			buildRules = (
			);
			dependencies = (
			);
			name = RelativePathProject;
			productName = RelativePathProject;
			productReference = B50504E51509774600AFAE65 /* RelativePathProject.app */;
			productType = "com.apple.product-type.application";
		};
/* End PBXNativeTarget section */

/* Begin PBXProject section */
		B50504DC1509774600AFAE65 /* Project object */ = {
			isa = PBXProject;
			attributes = {
				CLASSPREFIX = CCP;
				LastUpgradeCheck = 0430;
				ORGANIZATIONNAME = ChaiONE;
			};
			buildConfigurationList = B50504DF1509774600AFAE65 /* Build configuration list for PBXProject "RelativePathProject" */;
			compatibilityVersion = "Xcode 3.2";
			developmentRegion = English;
			hasScannedForEncodings = 0;
			knownRegions = (
				en,
			);
			mainGroup = B50504DA1509774600AFAE65;
			productRefGroup = B50504E61509774600AFAE65 /* Products */;
			projectDirPath = "";
			projectRoot = "";
			targets = (
				B50504E41509774600AFAE65 /* RelativePathProject */,
			);
		};
/* End PBXProject section */

/* Begin PBXResourcesBuildPhase section */
		B50504E31509774600AFAE65 /* Resources */ = {
			isa = PBXResourcesBuildPhase;
			buildActionMask = 2147483647;
			files = (
				B50504F41509774600AFAE65 /* InfoPlist.strings in Resources */,
				B50505001509774600AFAE65 /* CCPViewController_iPhone.xib in Resources */,
				B50505031509774600AFAE65 /* CCPViewController_iPad.xib in Resources */,
			);
			runOnlyForDeploymentPostprocessing = 0;
		};
/* End PBXResourcesBuildPhase section */

/* Begin PBXSourcesBuildPhase section */
		B50504E11509774600AFAE65 /* Sources */ = {
			isa = PBXSourcesBuildPhase;
			buildActionMask = 2147483647;
			files = (
				B50504F61509774600AFAE65 /* main.m in Sources */,
				B50504FA1509774600AFAE65 /* CCPAppDelegate.m in Sources */,
				B50504FD1509774600AFAE65 /* CCPViewController.m in Sources */,
			);
			runOnlyForDeploymentPostprocessing = 0;
		};
/* End PBXSourcesBuildPhase section */

/* Begin PBXVariantGroup section */
		B50504F21509774600AFAE65 /* InfoPlist.strings */ = {
			isa = PBXVariantGroup;
			children = (
				B50504F31509774600AFAE65 /* en */,
			);
			name = InfoPlist.strings;
			sourceTree = "<group>";
		};
		B50504FE1509774600AFAE65 /* CCPViewController_iPhone.xib */ = {
			isa = PBXVariantGroup;
			children = (
				B50504FF1509774600AFAE65 /* en */,
			);
			name = CCPViewController_iPhone.xib;
			sourceTree = "<group>";
		};
		B50505011509774600AFAE65 /* CCPViewController_iPad.xib */ = {
			isa = PBXVariantGroup;
			children = (
				B50505021509774600AFAE65 /* en */,
			);
			name = CCPViewController_iPad.xib;
			sourceTree = "<group>";
		};
/* End PBXVariantGroup section */

/* Begin XCBuildConfiguration section */
		B50505041509774600AFAE65 /* Debug */ = {
			isa = XCBuildConfiguration;
			buildSettings = {
				ALWAYS_SEARCH_USER_PATHS = NO;
				ARCHS = "$(ARCHS_STANDARD_32_BIT)";
				"CODE_SIGN_IDENTITY[sdk=iphoneos*]" = "iPhone Developer";
				COPY_PHASE_STRIP = NO;
				GCC_C_LANGUAGE_STANDARD = gnu99;
				GCC_DYNAMIC_NO_PIC = NO;
				GCC_OPTIMIZATION_LEVEL = 0;
				GCC_PREPROCESSOR_DEFINITIONS = (
					"DEBUG=1",
					"$(inherited)",
				);
				GCC_SYMBOLS_PRIVATE_EXTERN = NO;
				GCC_VERSION = com.apple.compilers.llvm.clang.1_0;
				GCC_WARN_ABOUT_RETURN_TYPE = YES;
				GCC_WARN_UNINITIALIZED_AUTOS = YES;
				GCC_WARN_UNUSED_VARIABLE = YES;
				IPHONEOS_DEPLOYMENT_TARGET = 5.0;
				SDKROOT = iphoneos;
				TARGETED_DEVICE_FAMILY = "1,2";
			};
			name = Debug;
		};
		B50505051509774600AFAE65 /* Release */ = {
			isa = XCBuildConfiguration;
			buildSettings = {
				ALWAYS_SEARCH_USER_PATHS = NO;
				ARCHS = "$(ARCHS_STANDARD_32_BIT)";
				"CODE_SIGN_IDENTITY[sdk=iphoneos*]" = "iPhone Developer";
				COPY_PHASE_STRIP = YES;
				GCC_C_LANGUAGE_STANDARD = gnu99;
				GCC_VERSION = com.apple.compilers.llvm.clang.1_0;
				GCC_WARN_ABOUT_RETURN_TYPE = YES;
				GCC_WARN_UNINITIALIZED_AUTOS = YES;
				GCC_WARN_UNUSED_VARIABLE = YES;
				IPHONEOS_DEPLOYMENT_TARGET = 5.0;
				OTHER_CFLAGS = "-DNS_BLOCK_ASSERTIONS=1";
				SDKROOT = iphoneos;
				TARGETED_DEVICE_FAMILY = "1,2";
				VALIDATE_PRODUCT = YES;
			};
			name = Release;
		};
		B50505071509774600AFAE65 /* Debug */ = {
			isa = XCBuildConfiguration;
			buildSettings = {
				DSTROOT = /tmp/xcodeproj.dst;
				GCC_PRECOMPILE_PREFIX_HEADER = YES;
				GCC_PREFIX_HEADER = "RelativePathProject/RelativePathProject-Prefix.pch";
				GCC_VERSION = com.apple.compilers.llvm.clang.1_0;
				INFOPLIST_FILE = "RelativePathProject/RelativePathProject-Info.plist";
				PRODUCT_NAME = "$(TARGET_NAME)";
				SKIP_INSTALL = YES;
				WRAPPER_EXTENSION = app;
			};
			name = Debug;
		};
		B50505081509774600AFAE65 /* Release */ = {
			isa = XCBuildConfiguration;
			buildSettings = {
				DSTROOT = /tmp/xcodeproj.dst;
				GCC_PRECOMPILE_PREFIX_HEADER = YES;
				GCC_PREFIX_HEADER = "RelativePathProject/RelativePathProject-Prefix.pch";
				GCC_VERSION = com.apple.compilers.llvm.clang.1_0;
				INFOPLIST_FILE = "RelativePathProject/RelativePathProject-Info.plist";
				PRODUCT_NAME = "$(TARGET_NAME)";
				SKIP_INSTALL = YES;
				WRAPPER_EXTENSION = app;
			};
			name = Release;
		};
/* End XCBuildConfiguration section */

/* Begin XCConfigurationList section */
		B50504DF1509774600AFAE65 /* Build configuration list for PBXProject "RelativePathProject" */ = {
			isa = XCConfigurationList;
			buildConfigurations = (
				B50505041509774600AFAE65 /* Debug */,
				B50505051509774600AFAE65 /* Release */,
			);
			defaultConfigurationIsVisible = 0;
			defaultConfigurationName = Release;
		};
		B50505061509774600AFAE65 /* Build configuration list for PBXNativeTarget "RelativePathProject" */ = {
			isa = XCConfigurationList;
			buildConfigurations = (
				B50505071509774600AFAE65 /* Debug */,
				B50505081509774600AFAE65 /* Release */,
			);
			defaultConfigurationIsVisible = 0;
			defaultConfigurationName = Release;
		};
/* End XCConfigurationList section */
	};
	rootObject = B50504DC1509774600AFAE65 /* Project object */;
}
