// !$*UTF8*$!
{
	archiveVersion = 1;
	classes = {
	};
	objectVersion = 46;
	objects = {

/* Begin PBXBuildFile section */
		135286D11D0B010C007FC288 /* AppDelegate.swift in Sources */ = {isa = PBXBuildFile; fileRef = 135286D01D0B010C007FC288 /* AppDelegate.swift */; };
		135286D31D0B010C007FC288 /* ViewController.swift in Sources */ = {isa = PBXBuildFile; fileRef = 135286D21D0B010C007FC288 /* ViewController.swift */; };
		135286D61D0B010C007FC288 /* Main.storyboard in Resources */ = {isa = PBXBuildFile; fileRef = 135286D41D0B010C007FC288 /* Main.storyboard */; };
		135286D81D0B010C007FC288 /* Assets.xcassets in Resources */ = {isa = PBXBuildFile; fileRef = 135286D71D0B010C007FC288 /* Assets.xcassets */; };
		135286DB1D0B010C007FC288 /* LaunchScreen.storyboard in Resources */ = {isa = PBXBuildFile; fileRef = 135286D91D0B010C007FC288 /* LaunchScreen.storyboard */; };
		135286E91D0B015D007FC288 /* NotificationCenter.framework in Frameworks */ = {isa = PBXBuildFile; fileRef = 135286E81D0B015D007FC288 /* NotificationCenter.framework */; };
		135286EC1D0B015D007FC288 /* TodayViewController.swift in Sources */ = {isa = PBXBuildFile; fileRef = 135286EB1D0B015D007FC288 /* TodayViewController.swift */; };
		135286EF1D0B015D007FC288 /* MainInterface.storyboard in Resources */ = {isa = PBXBuildFile; fileRef = 135286ED1D0B015D007FC288 /* MainInterface.storyboard */; };
		135286F31D0B015D007FC288 /* Today Extension.appex in Embed App Extensions */ = {isa = PBXBuildFile; fileRef = 135286E61D0B015D007FC288 /* Today Extension.appex */; settings = {ATTRIBUTES = (RemoveHeadersOnCopy, ); }; };
/* End PBXBuildFile section */

/* Begin PBXContainerItemProxy section */
		135286F11D0B015D007FC288 /* PBXContainerItemProxy */ = {
			isa = PBXContainerItemProxy;
			containerPortal = 135286C51D0B010C007FC288 /* Project object */;
			proxyType = 1;
			remoteGlobalIDString = 135286E51D0B015D007FC288;
			remoteInfo = "Today Extension";
		};
/* End PBXContainerItemProxy section */

/* Begin PBXCopyFilesBuildPhase section */
		135286F71D0B015E007FC288 /* Embed App Extensions */ = {
			isa = PBXCopyFilesBuildPhase;
			buildActionMask = 2147483647;
			dstPath = "";
			dstSubfolderSpec = 13;
			files = (
				135286F31D0B015D007FC288 /* Today Extension.appex in Embed App Extensions */,
			);
			name = "Embed App Extensions";
			runOnlyForDeploymentPostprocessing = 0;
		};
/* End PBXCopyFilesBuildPhase section */

/* Begin PBXFileReference section */
		135286CD1D0B010C007FC288 /* Sample Extensions Project.app */ = {isa = PBXFileReference; explicitFileType = wrapper.application; includeInIndex = 0; path = "Sample Extensions Project.app"; sourceTree = BUILT_PRODUCTS_DIR; };
		135286D01D0B010C007FC288 /* AppDelegate.swift */ = {isa = PBXFileReference; lastKnownFileType = sourcecode.swift; path = AppDelegate.swift; sourceTree = "<group>"; };
		135286D21D0B010C007FC288 /* ViewController.swift */ = {isa = PBXFileReference; lastKnownFileType = sourcecode.swift; path = ViewController.swift; sourceTree = "<group>"; };
		135286D51D0B010C007FC288 /* Base */ = {isa = PBXFileReference; lastKnownFileType = file.storyboard; name = Base; path = Base.lproj/Main.storyboard; sourceTree = "<group>"; };
		135286D71D0B010C007FC288 /* Assets.xcassets */ = {isa = PBXFileReference; lastKnownFileType = folder.assetcatalog; path = Assets.xcassets; sourceTree = "<group>"; };
		135286DA1D0B010C007FC288 /* Base */ = {isa = PBXFileReference; lastKnownFileType = file.storyboard; name = Base; path = Base.lproj/LaunchScreen.storyboard; sourceTree = "<group>"; };
		135286DC1D0B010C007FC288 /* Info.plist */ = {isa = PBXFileReference; lastKnownFileType = text.plist.xml; path = Info.plist; sourceTree = "<group>"; };
		135286E61D0B015D007FC288 /* Today Extension.appex */ = {isa = PBXFileReference; explicitFileType = "wrapper.app-extension"; includeInIndex = 0; path = "Today Extension.appex"; sourceTree = BUILT_PRODUCTS_DIR; };
		135286E81D0B015D007FC288 /* NotificationCenter.framework */ = {isa = PBXFileReference; lastKnownFileType = wrapper.framework; name = NotificationCenter.framework; path = System/Library/Frameworks/NotificationCenter.framework; sourceTree = SDKROOT; };
		135286EB1D0B015D007FC288 /* TodayViewController.swift */ = {isa = PBXFileReference; lastKnownFileType = sourcecode.swift; path = TodayViewController.swift; sourceTree = "<group>"; };
		135286EE1D0B015D007FC288 /* Base */ = {isa = PBXFileReference; lastKnownFileType = file.storyboard; name = Base; path = Base.lproj/MainInterface.storyboard; sourceTree = "<group>"; };
		135286F01D0B015D007FC288 /* Info.plist */ = {isa = PBXFileReference; lastKnownFileType = text.plist.xml; path = Info.plist; sourceTree = "<group>"; };
/* End PBXFileReference section */

/* Begin PBXFrameworksBuildPhase section */
		135286CA1D0B010C007FC288 /* Frameworks */ = {
			isa = PBXFrameworksBuildPhase;
			buildActionMask = 2147483647;
			files = (
			);
			runOnlyForDeploymentPostprocessing = 0;
		};
		135286E31D0B015D007FC288 /* Frameworks */ = {
			isa = PBXFrameworksBuildPhase;
			buildActionMask = 2147483647;
			files = (
				135286E91D0B015D007FC288 /* NotificationCenter.framework in Frameworks */,
			);
			runOnlyForDeploymentPostprocessing = 0;
		};
/* End PBXFrameworksBuildPhase section */

/* Begin PBXGroup section */
		135286C41D0B010C007FC288 = {
			isa = PBXGroup;
			children = (
				135286CF1D0B010C007FC288 /* Sample Extensions Project */,
				135286EA1D0B015D007FC288 /* Today Extension */,
				135286E71D0B015D007FC288 /* Frameworks */,
				135286CE1D0B010C007FC288 /* Products */,
			);
			sourceTree = "<group>";
		};
		135286CE1D0B010C007FC288 /* Products */ = {
			isa = PBXGroup;
			children = (
				135286CD1D0B010C007FC288 /* Sample Extensions Project.app */,
				135286E61D0B015D007FC288 /* Today Extension.appex */,
			);
			name = Products;
			sourceTree = "<group>";
		};
		135286CF1D0B010C007FC288 /* Sample Extensions Project */ = {
			isa = PBXGroup;
			children = (
				135286D01D0B010C007FC288 /* AppDelegate.swift */,
				135286D21D0B010C007FC288 /* ViewController.swift */,
				135286D41D0B010C007FC288 /* Main.storyboard */,
				135286D71D0B010C007FC288 /* Assets.xcassets */,
				135286D91D0B010C007FC288 /* LaunchScreen.storyboard */,
				135286DC1D0B010C007FC288 /* Info.plist */,
			);
			path = "Sample Extensions Project";
			sourceTree = "<group>";
		};
		135286E71D0B015D007FC288 /* Frameworks */ = {
			isa = PBXGroup;
			children = (
				135286E81D0B015D007FC288 /* NotificationCenter.framework */,
			);
			name = Frameworks;
			sourceTree = "<group>";
		};
		135286EA1D0B015D007FC288 /* Today Extension */ = {
			isa = PBXGroup;
			children = (
				135286EB1D0B015D007FC288 /* TodayViewController.swift */,
				135286ED1D0B015D007FC288 /* MainInterface.storyboard */,
				135286F01D0B015D007FC288 /* Info.plist */,
			);
			path = "Today Extension";
			sourceTree = "<group>";
		};
/* End PBXGroup section */

/* Begin PBXNativeTarget section */
		135286CC1D0B010C007FC288 /* Sample Extensions Project */ = {
			isa = PBXNativeTarget;
			buildConfigurationList = 135286DF1D0B010C007FC288 /* Build configuration list for PBXNativeTarget "Sample Extensions Project" */;
			buildPhases = (
				135286C91D0B010C007FC288 /* Sources */,
				135286CA1D0B010C007FC288 /* Frameworks */,
				135286CB1D0B010C007FC288 /* Resources */,
				135286F71D0B015E007FC288 /* Embed App Extensions */,
			);
			buildRules = (
			);
			dependencies = (
				135286F21D0B015D007FC288 /* PBXTargetDependency */,
			);
			name = "Sample Extensions Project";
			productName = "Sample Extensions Project";
			productReference = 135286CD1D0B010C007FC288 /* Sample Extensions Project.app */;
			productType = "com.apple.product-type.application";
		};
		135286E51D0B015D007FC288 /* Today Extension */ = {
			isa = PBXNativeTarget;
			buildConfigurationList = 135286F41D0B015E007FC288 /* Build configuration list for PBXNativeTarget "Today Extension" */;
			buildPhases = (
				135286E21D0B015D007FC288 /* Sources */,
				135286E31D0B015D007FC288 /* Frameworks */,
				135286E41D0B015D007FC288 /* Resources */,
			);
			buildRules = (
			);
			dependencies = (
			);
			name = "Today Extension";
			productName = "Today Extension";
			productReference = 135286E61D0B015D007FC288 /* Today Extension.appex */;
			productType = "com.apple.product-type.app-extension";
		};
/* End PBXNativeTarget section */

/* Begin PBXProject section */
		135286C51D0B010C007FC288 /* Project object */ = {
			isa = PBXProject;
			attributes = {
				LastSwiftUpdateCheck = 0730;
				LastUpgradeCheck = 0730;
				ORGANIZATIONNAME = CocoaPods;
				TargetAttributes = {
					135286CC1D0B010C007FC288 = {
						CreatedOnToolsVersion = 7.3.1;
					};
					135286E51D0B015D007FC288 = {
						CreatedOnToolsVersion = 7.3.1;
					};
				};
			};
			buildConfigurationList = 135286C81D0B010C007FC288 /* Build configuration list for PBXProject "Sample Extensions Project" */;
			compatibilityVersion = "Xcode 3.2";
			developmentRegion = English;
			hasScannedForEncodings = 0;
			knownRegions = (
				en,
				Base,
			);
			mainGroup = 135286C41D0B010C007FC288;
			productRefGroup = 135286CE1D0B010C007FC288 /* Products */;
			projectDirPath = "";
			projectRoot = "";
			targets = (
				135286CC1D0B010C007FC288 /* Sample Extensions Project */,
				135286E51D0B015D007FC288 /* Today Extension */,
			);
		};
/* End PBXProject section */

/* Begin PBXResourcesBuildPhase section */
		135286CB1D0B010C007FC288 /* Resources */ = {
			isa = PBXResourcesBuildPhase;
			buildActionMask = 2147483647;
			files = (
				135286DB1D0B010C007FC288 /* LaunchScreen.storyboard in Resources */,
				135286D81D0B010C007FC288 /* Assets.xcassets in Resources */,
				135286D61D0B010C007FC288 /* Main.storyboard in Resources */,
			);
			runOnlyForDeploymentPostprocessing = 0;
		};
		135286E41D0B015D007FC288 /* Resources */ = {
			isa = PBXResourcesBuildPhase;
			buildActionMask = 2147483647;
			files = (
				135286EF1D0B015D007FC288 /* MainInterface.storyboard in Resources */,
			);
			runOnlyForDeploymentPostprocessing = 0;
		};
/* End PBXResourcesBuildPhase section */

/* Begin PBXSourcesBuildPhase section */
		135286C91D0B010C007FC288 /* Sources */ = {
			isa = PBXSourcesBuildPhase;
			buildActionMask = 2147483647;
			files = (
				135286D31D0B010C007FC288 /* ViewController.swift in Sources */,
				135286D11D0B010C007FC288 /* AppDelegate.swift in Sources */,
			);
			runOnlyForDeploymentPostprocessing = 0;
		};
		135286E21D0B015D007FC288 /* Sources */ = {
			isa = PBXSourcesBuildPhase;
			buildActionMask = 2147483647;
			files = (
				135286EC1D0B015D007FC288 /* TodayViewController.swift in Sources */,
			);
			runOnlyForDeploymentPostprocessing = 0;
		};
/* End PBXSourcesBuildPhase section */

/* Begin PBXTargetDependency section */
		135286F21D0B015D007FC288 /* PBXTargetDependency */ = {
			isa = PBXTargetDependency;
			target = 135286E51D0B015D007FC288 /* Today Extension */;
			targetProxy = 135286F11D0B015D007FC288 /* PBXContainerItemProxy */;
		};
/* End PBXTargetDependency section */

/* Begin PBXVariantGroup section */
		135286D41D0B010C007FC288 /* Main.storyboard */ = {
			isa = PBXVariantGroup;
			children = (
				135286D51D0B010C007FC288 /* Base */,
			);
			name = Main.storyboard;
			sourceTree = "<group>";
		};
		135286D91D0B010C007FC288 /* LaunchScreen.storyboard */ = {
			isa = PBXVariantGroup;
			children = (
				135286DA1D0B010C007FC288 /* Base */,
			);
			name = LaunchScreen.storyboard;
			sourceTree = "<group>";
		};
		135286ED1D0B015D007FC288 /* MainInterface.storyboard */ = {
			isa = PBXVariantGroup;
			children = (
				135286EE1D0B015D007FC288 /* Base */,
			);
			name = MainInterface.storyboard;
			sourceTree = "<group>";
		};
/* End PBXVariantGroup section */

/* Begin XCBuildConfiguration section */
		135286DD1D0B010C007FC288 /* Debug */ = {
			isa = XCBuildConfiguration;
			buildSettings = {
				ALWAYS_SEARCH_USER_PATHS = NO;
				CLANG_ANALYZER_NONNULL = YES;
				CLANG_CXX_LANGUAGE_STANDARD = "gnu++0x";
				CLANG_CXX_LIBRARY = "libc++";
				CLANG_ENABLE_MODULES = YES;
				CLANG_ENABLE_OBJC_ARC = YES;
				CLANG_WARN_BOOL_CONVERSION = YES;
				CLANG_WARN_CONSTANT_CONVERSION = YES;
				CLANG_WARN_DIRECT_OBJC_ISA_USAGE = YES_ERROR;
				CLANG_WARN_EMPTY_BODY = YES;
				CLANG_WARN_ENUM_CONVERSION = YES;
				CLANG_WARN_INT_CONVERSION = YES;
				CLANG_WARN_OBJC_ROOT_CLASS = YES_ERROR;
				CLANG_WARN_UNREACHABLE_CODE = YES;
				CLANG_WARN__DUPLICATE_METHOD_MATCH = YES;
				"CODE_SIGN_IDENTITY[sdk=iphoneos*]" = "iPhone Developer";
				COPY_PHASE_STRIP = NO;
				DEBUG_INFORMATION_FORMAT = dwarf;
				ENABLE_STRICT_OBJC_MSGSEND = YES;
				ENABLE_TESTABILITY = YES;
				GCC_C_LANGUAGE_STANDARD = gnu99;
				GCC_DYNAMIC_NO_PIC = NO;
				GCC_NO_COMMON_BLOCKS = YES;
				GCC_OPTIMIZATION_LEVEL = 0;
				GCC_PREPROCESSOR_DEFINITIONS = (
					"DEBUG=1",
					"$(inherited)",
				);
				GCC_WARN_64_TO_32_BIT_CONVERSION = YES;
				GCC_WARN_ABOUT_RETURN_TYPE = YES_ERROR;
				GCC_WARN_UNDECLARED_SELECTOR = YES;
				GCC_WARN_UNINITIALIZED_AUTOS = YES_AGGRESSIVE;
				GCC_WARN_UNUSED_FUNCTION = YES;
				GCC_WARN_UNUSED_VARIABLE = YES;
				IPHONEOS_DEPLOYMENT_TARGET = 9.3;
				MTL_ENABLE_DEBUG_INFO = YES;
				ONLY_ACTIVE_ARCH = YES;
				SDKROOT = iphoneos;
				SWIFT_OPTIMIZATION_LEVEL = "-Onone";
			};
			name = Debug;
		};
		135286DE1D0B010C007FC288 /* Release */ = {
			isa = XCBuildConfiguration;
			buildSettings = {
				ALWAYS_SEARCH_USER_PATHS = NO;
				CLANG_ANALYZER_NONNULL = YES;
				CLANG_CXX_LANGUAGE_STANDARD = "gnu++0x";
				CLANG_CXX_LIBRARY = "libc++";
				CLANG_ENABLE_MODULES = YES;
				CLANG_ENABLE_OBJC_ARC = YES;
				CLANG_WARN_BOOL_CONVERSION = YES;
				CLANG_WARN_CONSTANT_CONVERSION = YES;
				CLANG_WARN_DIRECT_OBJC_ISA_USAGE = YES_ERROR;
				CLANG_WARN_EMPTY_BODY = YES;
				CLANG_WARN_ENUM_CONVERSION = YES;
				CLANG_WARN_INT_CONVERSION = YES;
				CLANG_WARN_OBJC_ROOT_CLASS = YES_ERROR;
				CLANG_WARN_UNREACHABLE_CODE = YES;
				CLANG_WARN__DUPLICATE_METHOD_MATCH = YES;
				"CODE_SIGN_IDENTITY[sdk=iphoneos*]" = "iPhone Developer";
				COPY_PHASE_STRIP = NO;
				DEBUG_INFORMATION_FORMAT = "dwarf-with-dsym";
				ENABLE_NS_ASSERTIONS = NO;
				ENABLE_STRICT_OBJC_MSGSEND = YES;
				GCC_C_LANGUAGE_STANDARD = gnu99;
				GCC_NO_COMMON_BLOCKS = YES;
				GCC_WARN_64_TO_32_BIT_CONVERSION = YES;
				GCC_WARN_ABOUT_RETURN_TYPE = YES_ERROR;
				GCC_WARN_UNDECLARED_SELECTOR = YES;
				GCC_WARN_UNINITIALIZED_AUTOS = YES_AGGRESSIVE;
				GCC_WARN_UNUSED_FUNCTION = YES;
				GCC_WARN_UNUSED_VARIABLE = YES;
				IPHONEOS_DEPLOYMENT_TARGET = 9.3;
				MTL_ENABLE_DEBUG_INFO = NO;
				SDKROOT = iphoneos;
				VALIDATE_PRODUCT = YES;
			};
			name = Release;
		};
		135286E01D0B010C007FC288 /* Debug */ = {
			isa = XCBuildConfiguration;
			buildSettings = {
				ASSETCATALOG_COMPILER_APPICON_NAME = AppIcon;
				EMBEDDED_CONTENT_CONTAINS_SWIFT = YES;
				INFOPLIST_FILE = "Sample Extensions Project/Info.plist";
				LD_RUNPATH_SEARCH_PATHS = "$(inherited) @executable_path/Frameworks";
				PRODUCT_BUNDLE_IDENTIFIER = "cocoapods.Sample-Extensions-Project";
				PRODUCT_NAME = "$(TARGET_NAME)";
			};
			name = Debug;
		};
		135286E11D0B010C007FC288 /* Release */ = {
			isa = XCBuildConfiguration;
			buildSettings = {
				ASSETCATALOG_COMPILER_APPICON_NAME = AppIcon;
				EMBEDDED_CONTENT_CONTAINS_SWIFT = YES;
				INFOPLIST_FILE = "Sample Extensions Project/Info.plist";
				LD_RUNPATH_SEARCH_PATHS = "$(inherited) @executable_path/Frameworks";
				PRODUCT_BUNDLE_IDENTIFIER = "cocoapods.Sample-Extensions-Project";
				PRODUCT_NAME = "$(TARGET_NAME)";
			};
			name = Release;
		};
		135286F51D0B015E007FC288 /* Debug */ = {
			isa = XCBuildConfiguration;
			buildSettings = {
				INFOPLIST_FILE = "Today Extension/Info.plist";
				LD_RUNPATH_SEARCH_PATHS = "$(inherited) @executable_path/Frameworks @executable_path/../../Frameworks";
				PRODUCT_BUNDLE_IDENTIFIER = "cocoapods.Sample-Extensions-Project.Today-Extension";
				PRODUCT_NAME = "$(TARGET_NAME)";
				SKIP_INSTALL = YES;
			};
			name = Debug;
		};
		135286F61D0B015E007FC288 /* Release */ = {
			isa = XCBuildConfiguration;
			buildSettings = {
				INFOPLIST_FILE = "Today Extension/Info.plist";
				LD_RUNPATH_SEARCH_PATHS = "$(inherited) @executable_path/Frameworks @executable_path/../../Frameworks";
				PRODUCT_BUNDLE_IDENTIFIER = "cocoapods.Sample-Extensions-Project.Today-Extension";
				PRODUCT_NAME = "$(TARGET_NAME)";
				SKIP_INSTALL = YES;
			};
			name = Release;
		};
/* End XCBuildConfiguration section */

/* Begin XCConfigurationList section */
		135286C81D0B010C007FC288 /* Build configuration list for PBXProject "Sample Extensions Project" */ = {
			isa = XCConfigurationList;
			buildConfigurations = (
				135286DD1D0B010C007FC288 /* Debug */,
				135286DE1D0B010C007FC288 /* Release */,
			);
			defaultConfigurationIsVisible = 0;
			defaultConfigurationName = Release;
		};
		135286DF1D0B010C007FC288 /* Build configuration list for PBXNativeTarget "Sample Extensions Project" */ = {
			isa = XCConfigurationList;
			buildConfigurations = (
				135286E01D0B010C007FC288 /* Debug */,
				135286E11D0B010C007FC288 /* Release */,
			);
			defaultConfigurationIsVisible = 0;
		};
		135286F41D0B015E007FC288 /* Build configuration list for PBXNativeTarget "Today Extension" */ = {
			isa = XCConfigurationList;
			buildConfigurations = (
				135286F51D0B015E007FC288 /* Debug */,
				135286F61D0B015E007FC288 /* Release */,
			);
			defaultConfigurationIsVisible = 0;
		};
/* End XCConfigurationList section */
	};
	rootObject = 135286C51D0B010C007FC288 /* Project object */;
}
