PODS:
  - BananaLib (1.0)

DEPENDENCIES:
  - BananaLib (from `banana-lib/BananaLib.podspec`)

EXTERNAL SOURCES:
  BananaLib:
    :path: banana-lib/BananaLib.podspec

SPEC CHECKSUMS:
  BananaLib: e9f027e0318c3bf4f9599bae18e0929c506ae3ef

PODFILE CHECKSUM: 4ee7fd629ab3f7e6a1f32cbb8f767d6a9c0381e5

COCOAPODS: 0.39.0
